// !$*UTF8*$!
{
	archiveVersion = 1;
	classes = {
	};
	objectVersion = 46;
	objects = {

/* Begin PBXBuildFile section */
		049C37F513ED977C006095EB /* linkedlist.cpp in Sources */ = {isa = PBXBuildFile; fileRef = 049C37F413ED977C006095EB /* linkedlist.cpp */; };
		04DD195613EBC4C2003FFFE3 /* ProjectS22011.1 in CopyFiles */ = {isa = PBXBuildFile; fileRef = 04DD195513EBC4C2003FFFE3 /* ProjectS22011.1 */; };
		04DD196913EBC56C003FFFE3 /* libopencv_calib3d.2.2.0.dylib in Frameworks */ = {isa = PBXBuildFile; fileRef = 04DD195D13EBC56C003FFFE3 /* libopencv_calib3d.2.2.0.dylib */; };
		04DD196A13EBC56C003FFFE3 /* libopencv_contrib.2.2.0.dylib in Frameworks */ = {isa = PBXBuildFile; fileRef = 04DD195E13EBC56C003FFFE3 /* libopencv_contrib.2.2.0.dylib */; };
		04DD196B13EBC56C003FFFE3 /* libopencv_core.2.2.0.dylib in Frameworks */ = {isa = PBXBuildFile; fileRef = 04DD195F13EBC56C003FFFE3 /* libopencv_core.2.2.0.dylib */; };
		04DD196C13EBC56C003FFFE3 /* libopencv_features2d.2.2.0.dylib in Frameworks */ = {isa = PBXBuildFile; fileRef = 04DD196013EBC56C003FFFE3 /* libopencv_features2d.2.2.0.dylib */; };
		04DD196D13EBC56C003FFFE3 /* libopencv_flann.2.2.0.dylib in Frameworks */ = {isa = PBXBuildFile; fileRef = 04DD196113EBC56C003FFFE3 /* libopencv_flann.2.2.0.dylib */; };
		04DD196E13EBC56C003FFFE3 /* libopencv_gpu.2.2.0.dylib in Frameworks */ = {isa = PBXBuildFile; fileRef = 04DD196213EBC56C003FFFE3 /* libopencv_gpu.2.2.0.dylib */; };
		04DD196F13EBC56C003FFFE3 /* libopencv_highgui.2.2.0.dylib in Frameworks */ = {isa = PBXBuildFile; fileRef = 04DD196313EBC56C003FFFE3 /* libopencv_highgui.2.2.0.dylib */; };
		04DD197013EBC56C003FFFE3 /* libopencv_imgproc.2.2.0.dylib in Frameworks */ = {isa = PBXBuildFile; fileRef = 04DD196413EBC56C003FFFE3 /* libopencv_imgproc.2.2.0.dylib */; };
		04DD197113EBC56C003FFFE3 /* libopencv_legacy.2.2.0.dylib in Frameworks */ = {isa = PBXBuildFile; fileRef = 04DD196513EBC56C003FFFE3 /* libopencv_legacy.2.2.0.dylib */; };
		04DD197213EBC56C003FFFE3 /* libopencv_ml.2.2.0.dylib in Frameworks */ = {isa = PBXBuildFile; fileRef = 04DD196613EBC56C003FFFE3 /* libopencv_ml.2.2.0.dylib */; };
		04DD197313EBC56C003FFFE3 /* libopencv_objdetect.2.2.0.dylib in Frameworks */ = {isa = PBXBuildFile; fileRef = 04DD196713EBC56C003FFFE3 /* libopencv_objdetect.2.2.0.dylib */; };
		04DD197413EBC56C003FFFE3 /* libopencv_video.2.2.0.dylib in Frameworks */ = {isa = PBXBuildFile; fileRef = 04DD196813EBC56C003FFFE3 /* libopencv_video.2.2.0.dylib */; };
		04DD19CF13EBD806003FFFE3 /* imgfeatures.cpp in Sources */ = {isa = PBXBuildFile; fileRef = 04DD19B813EBD806003FFFE3 /* imgfeatures.cpp */; };
		04DD19D013EBD806003FFFE3 /* kdtree.cpp in Sources */ = {isa = PBXBuildFile; fileRef = 04DD19BA13EBD806003FFFE3 /* kdtree.cpp */; };
		04DD19D113EBD806003FFFE3 /* match.cpp in Sources */ = {isa = PBXBuildFile; fileRef = 04DD19BC13EBD806003FFFE3 /* match.cpp */; };
		04DD19D213EBD806003FFFE3 /* minpq.cpp in Sources */ = {isa = PBXBuildFile; fileRef = 04DD19BE13EBD806003FFFE3 /* minpq.cpp */; };
		04DD19D513EBD806003FFFE3 /* sift.cpp in Sources */ = {isa = PBXBuildFile; fileRef = 04DD19C313EBD806003FFFE3 /* sift.cpp */; };
		04DD19D913EBD806003FFFE3 /* utils.cpp in Sources */ = {isa = PBXBuildFile; fileRef = 04DD19CA13EBD806003FFFE3 /* utils.cpp */; };
		04DD19DA13EBD806003FFFE3 /* xform.cpp in Sources */ = {isa = PBXBuildFile; fileRef = 04DD19CC13EBD806003FFFE3 /* xform.cpp */; };
/* End PBXBuildFile section */

/* Begin PBXCopyFilesBuildPhase section */
		04DD194D13EBC4C2003FFFE3 /* CopyFiles */ = {
			isa = PBXCopyFilesBuildPhase;
			buildActionMask = 2147483647;
			dstPath = /usr/share/man/man1/;
			dstSubfolderSpec = 0;
			files = (
				04DD195613EBC4C2003FFFE3 /* ProjectS22011.1 in CopyFiles */,
			);
			runOnlyForDeploymentPostprocessing = 1;
		};
/* End PBXCopyFilesBuildPhase section */

/* Begin PBXFileReference section */
		049C37F413ED977C006095EB /* linkedlist.cpp */ = {isa = PBXFileReference; fileEncoding = 4; lastKnownFileType = sourcecode.cpp.cpp; path = linkedlist.cpp; sourceTree = "<group>"; };
		049C37F613ED97A1006095EB /* linkedlist.h */ = {isa = PBXFileReference; fileEncoding = 4; lastKnownFileType = sourcecode.c.h; path = linkedlist.h; sourceTree = "<group>"; };
		04DD194F13EBC4C2003FFFE3 /* ProjectS22011 */ = {isa = PBXFileReference; explicitFileType = "compiled.mach-o.executable"; includeInIndex = 0; path = ProjectS22011; sourceTree = BUILT_PRODUCTS_DIR; };
		04DD195513EBC4C2003FFFE3 /* ProjectS22011.1 */ = {isa = PBXFileReference; lastKnownFileType = text.man; path = ProjectS22011.1; sourceTree = "<group>"; };
		04DD195D13EBC56C003FFFE3 /* libopencv_calib3d.2.2.0.dylib */ = {isa = PBXFileReference; lastKnownFileType = "compiled.mach-o.dylib"; path = libopencv_calib3d.2.2.0.dylib; sourceTree = "<group>"; };
		04DD195E13EBC56C003FFFE3 /* libopencv_contrib.2.2.0.dylib */ = {isa = PBXFileReference; lastKnownFileType = "compiled.mach-o.dylib"; path = libopencv_contrib.2.2.0.dylib; sourceTree = "<group>"; };
		04DD195F13EBC56C003FFFE3 /* libopencv_core.2.2.0.dylib */ = {isa = PBXFileReference; lastKnownFileType = "compiled.mach-o.dylib"; path = libopencv_core.2.2.0.dylib; sourceTree = "<group>"; };
		04DD196013EBC56C003FFFE3 /* libopencv_features2d.2.2.0.dylib */ = {isa = PBXFileReference; lastKnownFileType = "compiled.mach-o.dylib"; path = libopencv_features2d.2.2.0.dylib; sourceTree = "<group>"; };
		04DD196113EBC56C003FFFE3 /* libopencv_flann.2.2.0.dylib */ = {isa = PBXFileReference; lastKnownFileType = "compiled.mach-o.dylib"; path = libopencv_flann.2.2.0.dylib; sourceTree = "<group>"; };
		04DD196213EBC56C003FFFE3 /* libopencv_gpu.2.2.0.dylib */ = {isa = PBXFileReference; lastKnownFileType = "compiled.mach-o.dylib"; path = libopencv_gpu.2.2.0.dylib; sourceTree = "<group>"; };
		04DD196313EBC56C003FFFE3 /* libopencv_highgui.2.2.0.dylib */ = {isa = PBXFileReference; lastKnownFileType = "compiled.mach-o.dylib"; path = libopencv_highgui.2.2.0.dylib; sourceTree = "<group>"; };
		04DD196413EBC56C003FFFE3 /* libopencv_imgproc.2.2.0.dylib */ = {isa = PBXFileReference; lastKnownFileType = "compiled.mach-o.dylib"; path = libopencv_imgproc.2.2.0.dylib; sourceTree = "<group>"; };
		04DD196513EBC56C003FFFE3 /* libopencv_legacy.2.2.0.dylib */ = {isa = PBXFileReference; lastKnownFileType = "compiled.mach-o.dylib"; path = libopencv_legacy.2.2.0.dylib; sourceTree = "<group>"; };
		04DD196613EBC56C003FFFE3 /* libopencv_ml.2.2.0.dylib */ = {isa = PBXFileReference; lastKnownFileType = "compiled.mach-o.dylib"; path = libopencv_ml.2.2.0.dylib; sourceTree = "<group>"; };
		04DD196713EBC56C003FFFE3 /* libopencv_objdetect.2.2.0.dylib */ = {isa = PBXFileReference; lastKnownFileType = "compiled.mach-o.dylib"; path = libopencv_objdetect.2.2.0.dylib; sourceTree = "<group>"; };
		04DD196813EBC56C003FFFE3 /* libopencv_video.2.2.0.dylib */ = {isa = PBXFileReference; lastKnownFileType = "compiled.mach-o.dylib"; path = libopencv_video.2.2.0.dylib; sourceTree = "<group>"; };
		04DD19B813EBD806003FFFE3 /* imgfeatures.cpp */ = {isa = PBXFileReference; fileEncoding = 4; lastKnownFileType = sourcecode.cpp.cpp; path = imgfeatures.cpp; sourceTree = "<group>"; };
		04DD19B913EBD806003FFFE3 /* imgfeatures.h */ = {isa = PBXFileReference; fileEncoding = 4; lastKnownFileType = sourcecode.c.h; path = imgfeatures.h; sourceTree = "<group>"; };
		04DD19BA13EBD806003FFFE3 /* kdtree.cpp */ = {isa = PBXFileReference; fileEncoding = 4; lastKnownFileType = sourcecode.cpp.cpp; path = kdtree.cpp; sourceTree = "<group>"; };
		04DD19BB13EBD806003FFFE3 /* kdtree.h */ = {isa = PBXFileReference; fileEncoding = 4; lastKnownFileType = sourcecode.c.h; path = kdtree.h; sourceTree = "<group>"; };
		04DD19BC13EBD806003FFFE3 /* match.cpp */ = {isa = PBXFileReference; fileEncoding = 4; lastKnownFileType = sourcecode.cpp.cpp; path = match.cpp; sourceTree = "<group>"; };
		04DD19BD13EBD806003FFFE3 /* match.h */ = {isa = PBXFileReference; fileEncoding = 4; lastKnownFileType = sourcecode.c.h; path = match.h; sourceTree = "<group>"; };
		04DD19BE13EBD806003FFFE3 /* minpq.cpp */ = {isa = PBXFileReference; fileEncoding = 4; lastKnownFileType = sourcecode.cpp.cpp; path = minpq.cpp; sourceTree = "<group>"; };
		04DD19BF13EBD806003FFFE3 /* minpq.h */ = {isa = PBXFileReference; fileEncoding = 4; lastKnownFileType = sourcecode.c.h; path = minpq.h; sourceTree = "<group>"; };
		04DD19C313EBD806003FFFE3 /* sift.cpp */ = {isa = PBXFileReference; fileEncoding = 4; lastKnownFileType = sourcecode.cpp.cpp; path = sift.cpp; sourceTree = "<group>"; };
		04DD19C413EBD806003FFFE3 /* sift.h */ = {isa = PBXFileReference; fileEncoding = 4; lastKnownFileType = sourcecode.c.h; path = sift.h; sourceTree = "<group>"; };
		04DD19CA13EBD806003FFFE3 /* utils.cpp */ = {isa = PBXFileReference; fileEncoding = 4; lastKnownFileType = sourcecode.cpp.cpp; path = utils.cpp; sourceTree = "<group>"; };
		04DD19CB13EBD806003FFFE3 /* utils.h */ = {isa = PBXFileReference; fileEncoding = 4; lastKnownFileType = sourcecode.c.h; path = utils.h; sourceTree = "<group>"; };
		04DD19CC13EBD806003FFFE3 /* xform.cpp */ = {isa = PBXFileReference; fileEncoding = 4; lastKnownFileType = sourcecode.cpp.cpp; path = xform.cpp; sourceTree = "<group>"; };
		04DD19CD13EBD806003FFFE3 /* xform.h */ = {isa = PBXFileReference; fileEncoding = 4; lastKnownFileType = sourcecode.c.h; path = xform.h; sourceTree = "<group>"; };
/* End PBXFileReference section */

/* Begin PBXFrameworksBuildPhase section */
		04DD194C13EBC4C2003FFFE3 /* Frameworks */ = {
			isa = PBXFrameworksBuildPhase;
			buildActionMask = 2147483647;
			files = (
				04DD196913EBC56C003FFFE3 /* libopencv_calib3d.2.2.0.dylib in Frameworks */,
				04DD196A13EBC56C003FFFE3 /* libopencv_contrib.2.2.0.dylib in Frameworks */,
				04DD196B13EBC56C003FFFE3 /* libopencv_core.2.2.0.dylib in Frameworks */,
				04DD196C13EBC56C003FFFE3 /* libopencv_features2d.2.2.0.dylib in Frameworks */,
				04DD196D13EBC56C003FFFE3 /* libopencv_flann.2.2.0.dylib in Frameworks */,
				04DD196E13EBC56C003FFFE3 /* libopencv_gpu.2.2.0.dylib in Frameworks */,
				04DD196F13EBC56C003FFFE3 /* libopencv_highgui.2.2.0.dylib in Frameworks */,
				04DD197013EBC56C003FFFE3 /* libopencv_imgproc.2.2.0.dylib in Frameworks */,
				04DD197113EBC56C003FFFE3 /* libopencv_legacy.2.2.0.dylib in Frameworks */,
				04DD197213EBC56C003FFFE3 /* libopencv_ml.2.2.0.dylib in Frameworks */,
				04DD197313EBC56C003FFFE3 /* libopencv_objdetect.2.2.0.dylib in Frameworks */,
				04DD197413EBC56C003FFFE3 /* libopencv_video.2.2.0.dylib in Frameworks */,
			);
			runOnlyForDeploymentPostprocessing = 0;
		};
/* End PBXFrameworksBuildPhase section */

/* Begin PBXGroup section */
		04DD194413EBC4C2003FFFE3 = {
			isa = PBXGroup;
			children = (
				04DD195C13EBC52A003FFFE3 /* OpenCV Frameworks */,
				04DD195213EBC4C2003FFFE3 /* ProjectS22011 */,
				04DD195013EBC4C2003FFFE3 /* Products */,
			);
			sourceTree = "<group>";
		};
		04DD195013EBC4C2003FFFE3 /* Products */ = {
			isa = PBXGroup;
			children = (
				04DD194F13EBC4C2003FFFE3 /* ProjectS22011 */,
			);
			name = Products;
			sourceTree = "<group>";
		};
		04DD195213EBC4C2003FFFE3 /* ProjectS22011 */ = {
			isa = PBXGroup;
			children = (
				04DD19B813EBD806003FFFE3 /* imgfeatures.cpp */,
				04DD19B913EBD806003FFFE3 /* imgfeatures.h */,
				04DD19BA13EBD806003FFFE3 /* kdtree.cpp */,
				04DD19BB13EBD806003FFFE3 /* kdtree.h */,
				04DD19BC13EBD806003FFFE3 /* match.cpp */,
				04DD19BD13EBD806003FFFE3 /* match.h */,
				04DD19BE13EBD806003FFFE3 /* minpq.cpp */,
				04DD19BF13EBD806003FFFE3 /* minpq.h */,
				04DD19C313EBD806003FFFE3 /* sift.cpp */,
				04DD19C413EBD806003FFFE3 /* sift.h */,
				04DD19CA13EBD806003FFFE3 /* utils.cpp */,
				04DD19CB13EBD806003FFFE3 /* utils.h */,
				04DD19CC13EBD806003FFFE3 /* xform.cpp */,
				04DD19CD13EBD806003FFFE3 /* xform.h */,
				04DD195513EBC4C2003FFFE3 /* ProjectS22011.1 */,
				049C37F413ED977C006095EB /* linkedlist.cpp */,
				049C37F613ED97A1006095EB /* linkedlist.h */,
			);
			path = ProjectS22011;
			sourceTree = "<group>";
		};
		04DD195C13EBC52A003FFFE3 /* OpenCV Frameworks */ = {
			isa = PBXGroup;
			children = (
				04DD195D13EBC56C003FFFE3 /* libopencv_calib3d.2.2.0.dylib */,
				04DD195E13EBC56C003FFFE3 /* libopencv_contrib.2.2.0.dylib */,
				04DD195F13EBC56C003FFFE3 /* libopencv_core.2.2.0.dylib */,
				04DD196013EBC56C003FFFE3 /* libopencv_features2d.2.2.0.dylib */,
				04DD196113EBC56C003FFFE3 /* libopencv_flann.2.2.0.dylib */,
				04DD196213EBC56C003FFFE3 /* libopencv_gpu.2.2.0.dylib */,
				04DD196313EBC56C003FFFE3 /* libopencv_highgui.2.2.0.dylib */,
				04DD196413EBC56C003FFFE3 /* libopencv_imgproc.2.2.0.dylib */,
				04DD196513EBC56C003FFFE3 /* libopencv_legacy.2.2.0.dylib */,
				04DD196613EBC56C003FFFE3 /* libopencv_ml.2.2.0.dylib */,
				04DD196713EBC56C003FFFE3 /* libopencv_objdetect.2.2.0.dylib */,
				04DD196813EBC56C003FFFE3 /* libopencv_video.2.2.0.dylib */,
			);
			name = "OpenCV Frameworks";
			sourceTree = "<group>";
		};
/* End PBXGroup section */

/* Begin PBXNativeTarget section */
		04DD194E13EBC4C2003FFFE3 /* ProjectS22011 */ = {
			isa = PBXNativeTarget;
			buildConfigurationList = 04DD195913EBC4C2003FFFE3 /* Build configuration list for PBXNativeTarget "ProjectS22011" */;
			buildPhases = (
				04DD194B13EBC4C2003FFFE3 /* Sources */,
				04DD194C13EBC4C2003FFFE3 /* Frameworks */,
				04DD194D13EBC4C2003FFFE3 /* CopyFiles */,
			);
			buildRules = (
			);
			dependencies = (
			);
			name = ProjectS22011;
			productName = ProjectS22011;
			productReference = 04DD194F13EBC4C2003FFFE3 /* ProjectS22011 */;
			productType = "com.apple.product-type.tool";
		};
/* End PBXNativeTarget section */

/* Begin PBXProject section */
		04DD194613EBC4C2003FFFE3 /* Project object */ = {
			isa = PBXProject;
			attributes = {
				ORGANIZATIONNAME = "The University of Sydney";
			};
			buildConfigurationList = 04DD194913EBC4C2003FFFE3 /* Build configuration list for PBXProject "ProjectS22011" */;
			compatibilityVersion = "Xcode 3.2";
			developmentRegion = English;
			hasScannedForEncodings = 0;
			knownRegions = (
				en,
			);
			mainGroup = 04DD194413EBC4C2003FFFE3;
			productRefGroup = 04DD195013EBC4C2003FFFE3 /* Products */;
			projectDirPath = "";
			projectRoot = "";
			targets = (
				04DD194E13EBC4C2003FFFE3 /* ProjectS22011 */,
			);
		};
/* End PBXProject section */

/* Begin PBXSourcesBuildPhase section */
		04DD194B13EBC4C2003FFFE3 /* Sources */ = {
			isa = PBXSourcesBuildPhase;
			buildActionMask = 2147483647;
			files = (
				04DD19CF13EBD806003FFFE3 /* imgfeatures.cpp in Sources */,
				04DD19D013EBD806003FFFE3 /* kdtree.cpp in Sources */,
				04DD19D113EBD806003FFFE3 /* match.cpp in Sources */,
				04DD19D213EBD806003FFFE3 /* minpq.cpp in Sources */,
				04DD19D513EBD806003FFFE3 /* sift.cpp in Sources */,
				04DD19D913EBD806003FFFE3 /* utils.cpp in Sources */,
				04DD19DA13EBD806003FFFE3 /* xform.cpp in Sources */,
				049C37F513ED977C006095EB /* linkedlist.cpp in Sources */,
			);
			runOnlyForDeploymentPostprocessing = 0;
		};
/* End PBXSourcesBuildPhase section */

/* Begin XCBuildConfiguration section */
		04DD195713EBC4C2003FFFE3 /* Debug */ = {
			isa = XCBuildConfiguration;
			buildSettings = {
				ALWAYS_SEARCH_USER_PATHS = NO;
				ARCHS = "$(ARCHS_STANDARD_64_BIT)";
				COPY_PHASE_STRIP = NO;
				GCC_C_LANGUAGE_STANDARD = gnu99;
				GCC_DYNAMIC_NO_PIC = NO;
				GCC_ENABLE_OBJC_EXCEPTIONS = YES;
				GCC_OPTIMIZATION_LEVEL = 0;
				GCC_PREPROCESSOR_DEFINITIONS = (
					"DEBUG=1",
					"$(inherited)",
				);
				GCC_SYMBOLS_PRIVATE_EXTERN = NO;
				GCC_VERSION = com.apple.compilers.llvm.clang.1_0;
				GCC_WARN_64_TO_32_BIT_CONVERSION = YES;
				GCC_WARN_ABOUT_MISSING_PROTOTYPES = YES;
				GCC_WARN_ABOUT_RETURN_TYPE = YES;
				GCC_WARN_UNUSED_VARIABLE = YES;
				HEADER_SEARCH_PATHS = "/opt/local/var/macports/software/opencv/2.2.0_0/opt/**";
				MACOSX_DEPLOYMENT_TARGET = 10.7;
				ONLY_ACTIVE_ARCH = YES;
				SDKROOT = macosx;
			};
			name = Debug;
		};
		04DD195813EBC4C2003FFFE3 /* Release */ = {
			isa = XCBuildConfiguration;
			buildSettings = {
				ALWAYS_SEARCH_USER_PATHS = NO;
				ARCHS = "$(ARCHS_STANDARD_64_BIT)";
				COPY_PHASE_STRIP = YES;
				DEBUG_INFORMATION_FORMAT = "dwarf-with-dsym";
				GCC_C_LANGUAGE_STANDARD = gnu99;
				GCC_ENABLE_OBJC_EXCEPTIONS = YES;
				GCC_VERSION = com.apple.compilers.llvm.clang.1_0;
				GCC_WARN_64_TO_32_BIT_CONVERSION = YES;
				GCC_WARN_ABOUT_MISSING_PROTOTYPES = YES;
				GCC_WARN_ABOUT_RETURN_TYPE = YES;
				GCC_WARN_UNUSED_VARIABLE = YES;
				HEADER_SEARCH_PATHS = "/opt/local/var/macports/software/opencv/2.2.0_0/opt/**";
				MACOSX_DEPLOYMENT_TARGET = 10.7;
				SDKROOT = macosx;
			};
			name = Release;
		};
		04DD195A13EBC4C2003FFFE3 /* Debug */ = {
			isa = XCBuildConfiguration;
			buildSettings = {
				LIBRARY_SEARCH_PATHS = (
					"$(inherited)",
					"\"$(SRCROOT)\"",
				);
				PRODUCT_NAME = "$(TARGET_NAME)";
			};
			name = Debug;
		};
		04DD195B13EBC4C2003FFFE3 /* Release */ = {
			isa = XCBuildConfiguration;
			buildSettings = {
				LIBRARY_SEARCH_PATHS = (
					"$(inherited)",
					"\"$(SRCROOT)\"",
				);
				PRODUCT_NAME = "$(TARGET_NAME)";
			};
			name = Release;
		};
/* End XCBuildConfiguration section */

/* Begin XCConfigurationList section */
		04DD194913EBC4C2003FFFE3 /* Build configuration list for PBXProject "ProjectS22011" */ = {
			isa = XCConfigurationList;
			buildConfigurations = (
				04DD195713EBC4C2003FFFE3 /* Debug */,
				04DD195813EBC4C2003FFFE3 /* Release */,
			);
			defaultConfigurationIsVisible = 0;
			defaultConfigurationName = Release;
		};
		04DD195913EBC4C2003FFFE3 /* Build configuration list for PBXNativeTarget "ProjectS22011" */ = {
			isa = XCConfigurationList;
			buildConfigurations = (
				04DD195A13EBC4C2003FFFE3 /* Debug */,
				04DD195B13EBC4C2003FFFE3 /* Release */,
			);
			defaultConfigurationIsVisible = 0;
			defaultConfigurationName = Release;
		};
/* End XCConfigurationList section */
	};
	rootObject = 04DD194613EBC4C2003FFFE3 /* Project object */;
}
